
Microsoft Visual Studio Solution File, Format Version 12.00
# Visual Studio Version 17
VisualStudioVersion = 17.11.35327.3
MinimumVisualStudioVersion = 10.0.40219.1
Project("{FAE04EC0-301F-11D3-BF4B-00C04F79EFBC}") = "Generic_EX", "Generic_EX\Generic_EX.csproj", "{77BCA5D3-953F-43B4-8839-B912611F6F4B}"
EndProject
Global
	GlobalSection(SolutionConfigurationPlatforms) = preSolution
		Debug|Any CPU = Debug|Any CPU
		Release|Any CPU = Release|Any CPU
	EndGlobalSection
	GlobalSection(ProjectConfigurationPlatforms) = postSolution
		{77BCA5D3-953F-43B4-8839-B912611F6F4B}.Debug|Any CPU.ActiveCfg = Debug|Any CPU
		{77BCA5D3-953F-43B4-8839-B912611F6F4B}.Debug|Any CPU.Build.0 = Debug|Any CPU
		{77BCA5D3-953F-43B4-8839-B912611F6F4B}.Release|Any CPU.ActiveCfg = Release|Any CPU
		{77BCA5D3-953F-43B4-8839-B912611F6F4B}.Release|Any CPU.Build.0 = Release|Any CPU
	EndGlobalSection
	GlobalSection(SolutionProperties) = preSolution
		HideSolutionNode = FALSE
	EndGlobalSection
	GlobalSection(ExtensibilityGlobals) = postSolution
		SolutionGuid = {228DA96C-9E79-494A-BEED-B11D59D8BBA5}
	EndGlobalSection
EndGlobal
